
Microsoft Visual Studio Solution File, Format Version 12.00
# Visual Studio Version 17
VisualStudioVersion = 17.4.33403.182
MinimumVisualStudioVersion = 10.0.40219.1
Project("{FAE04EC0-301F-11D3-BF4B-00C04F79EFBC}") = "WindowsFormsApp1", "WindowsFormsApp1\WindowsFormsApp1.csproj", "{B919AC7E-70A3-4256-92D1-E96C22633808}"
EndProject
Global
	GlobalSection(SolutionConfigurationPlatforms) = preSolution
		Debug|Any CPU = Debug|Any CPU
		Release|Any CPU = Release|Any CPU
	EndGlobalSection
	GlobalSection(ProjectConfigurationPlatforms) = postSolution
		{B919AC7E-70A3-4256-92D1-E96C22633808}.Debug|Any CPU.ActiveCfg = Debug|Any CPU
		{B919AC7E-70A3-4256-92D1-E96C22633808}.Debug|Any CPU.Build.0 = Debug|Any CPU
		{B919AC7E-70A3-4256-92D1-E96C22633808}.Release|Any CPU.ActiveCfg = Release|Any CPU
		{B919AC7E-70A3-4256-92D1-E96C22633808}.Release|Any CPU.Build.0 = Release|Any CPU
	EndGlobalSection
	GlobalSection(SolutionProperties) = preSolution
		HideSolutionNode = FALSE
	EndGlobalSection
	GlobalSection(ExtensibilityGlobals) = postSolution
		SolutionGuid = {AE5BE243-3E52-4FF2-B8F9-AE8220A891B5}
	EndGlobalSection
EndGlobal
